
Microsoft Visual Studio Solution File, Format Version 12.00
# Visual Studio Version 16
VisualStudioVersion = 16.0.33927.289
MinimumVisualStudioVersion = 10.0.40219.1
Project("{2150E333-8FDC-42A3-9474-1A3956D46DE8}") = "Task0", "Task0", "{FA6EBC48-CE93-453D-B4BE-EA6157919E26}"
EndProject
Project("{FAE04EC0-301F-11D3-BF4B-00C04F79EFBC}") = "Tyuiu.ZhdanovaAA.Sprint0.Task0.V0", "Tyuiu.ZhdanovaAA.Sprint0.Task0.V0\Tyuiu.ZhdanovaAA.Sprint0.Task0.V0.csproj", "{68920C02-18F3-40C7-A9BF-E37B71FD8C67}"
EndProject
Project("{2150E333-8FDC-42A3-9474-1A3956D46DE8}") = "Task1", "Task1", "{0A6BAEB8-9682-426F-B4FD-055EC547D569}"
EndProject
Project("{8BC9CEB8-8B4A-11D0-8D11-00A0C91BC942}") = "Tyuiu.ZhdanovaAA.Sprint0.Task1.V0", "Tyuiu.ZhdanovaAA.Sprint0.Task1.V0\Tyuiu.ZhdanovaAA.Sprint0.Task1.V0.vcxproj", "{9A32658B-E294-47E6-82DE-8C6982187EE2}"
EndProject
Project("{8BC9CEB8-8B4A-11D0-8D11-00A0C91BC942}") = "Tyuiu.ZhdanovaAA.Sprint0.Task2.V0", "Tyuiu.ZhdanovaAA.Sprint0.Task2\Tyuiu.ZhdanovaAA.Sprint0.Task2.vcxproj", "{AA326A4A-D4BA-4413-948D-74B671F7E9F1}"
EndProject
Project("{2150E333-8FDC-42A3-9474-1A3956D46DE8}") = "Task2", "Task2", "{877D3723-2176-4030-8715-6BC6FE3968C7}"
EndProject
Project("{8BC9CEB8-8B4A-11D0-8D11-00A0C91BC942}") = "Tyuiu.ZhdanovaAA.Sprint0.Task2.V0.Lib", "Tyuiu.ZhdanovaAA.Sprint0.Task2.Lib\Tyuiu.ZhdanovaAA.Sprint0.Task2.Lib.vcxproj", "{AFD36720-0075-4A46-BE76-AF754DBDBE63}"
EndProject
Project("{8BC9CEB8-8B4A-11D0-8D11-00A0C91BC942}") = "Tyuiu.ZhdanovaAA.Sprint0.Task2.V0.Test", "Tyuiu.ZhdanovaAA.Sprint0.Task2.Test\Tyuiu.ZhdanovaAA.Sprint0.Task2.Test.vcxproj", "{6773B1B9-58D0-456B-8EA1-77BA39E0427C}"
EndProject
Project("{8BC9CEB8-8B4A-11D0-8D11-00A0C91BC942}") = "Tyuiu.ZhdanovaAA.Sprint0.Task3.V0", "Tyuiu.ZhdanovaAA.Sprint0.Task3.V0\Tyuiu.ZhdanovaAA.Sprint0.Task3.V0.vcxproj", "{DEF4B094-B618-4D1B-8BF2-95126B6B2943}"
EndProject
Project("{2150E333-8FDC-42A3-9474-1A3956D46DE8}") = "Task3", "Task3", "{C68038FA-9291-4DDF-91DD-DDC4326D4662}"
EndProject
Project("{8BC9CEB8-8B4A-11D0-8D11-00A0C91BC942}") = "Tyuiu.ZhdanovaAA.Sprint0.Task3.V0.Test", "Tyuiu.ZhdanovaAA.Sprint0.Task3.V0.Test\Tyuiu.ZhdanovaAA.Sprint0.Task3.V0.Test.vcxproj", "{D79A322D-2512-42E0-BFEF-B07DF698649B}"
EndProject
Project("{8BC9CEB8-8B4A-11D0-8D11-00A0C91BC942}") = "Tyuiu.ZhdanovaAA.Sprint0.Task3.V0.Lib", "Tyuiu.ZhdanovaAA.Sprint0.Task3.V0.Lib\Tyuiu.ZhdanovaAA.Sprint0.Task3.V0.Lib.vcxproj", "{C54B94B6-F54C-47E0-8631-B4AB995D8A3B}"
EndProject
Global
	GlobalSection(SolutionConfigurationPlatforms) = preSolution
		Debug|Any CPU = Debug|Any CPU
		Debug|x64 = Debug|x64
		Debug|x86 = Debug|x86
		Release|Any CPU = Release|Any CPU
		Release|x64 = Release|x64
		Release|x86 = Release|x86
	EndGlobalSection
	GlobalSection(ProjectConfigurationPlatforms) = postSolution
		{68920C02-18F3-40C7-A9BF-E37B71FD8C67}.Debug|Any CPU.ActiveCfg = Debug|Any CPU
		{68920C02-18F3-40C7-A9BF-E37B71FD8C67}.Debug|Any CPU.Build.0 = Debug|Any CPU
		{68920C02-18F3-40C7-A9BF-E37B71FD8C67}.Debug|x64.ActiveCfg = Debug|Any CPU
		{68920C02-18F3-40C7-A9BF-E37B71FD8C67}.Debug|x64.Build.0 = Debug|Any CPU
		{68920C02-18F3-40C7-A9BF-E37B71FD8C67}.Debug|x86.ActiveCfg = Debug|Any CPU
		{68920C02-18F3-40C7-A9BF-E37B71FD8C67}.Debug|x86.Build.0 = Debug|Any CPU
		{68920C02-18F3-40C7-A9BF-E37B71FD8C67}.Release|Any CPU.ActiveCfg = Release|Any CPU
		{68920C02-18F3-40C7-A9BF-E37B71FD8C67}.Release|Any CPU.Build.0 = Release|Any CPU
		{68920C02-18F3-40C7-A9BF-E37B71FD8C67}.Release|x64.ActiveCfg = Release|Any CPU
		{68920C02-18F3-40C7-A9BF-E37B71FD8C67}.Release|x64.Build.0 = Release|Any CPU
		{68920C02-18F3-40C7-A9BF-E37B71FD8C67}.Release|x86.ActiveCfg = Release|Any CPU
		{68920C02-18F3-40C7-A9BF-E37B71FD8C67}.Release|x86.Build.0 = Release|Any CPU
		{9A32658B-E294-47E6-82DE-8C6982187EE2}.Debug|Any CPU.ActiveCfg = Debug|Win32
		{9A32658B-E294-47E6-82DE-8C6982187EE2}.Debug|x64.ActiveCfg = Debug|x64
		{9A32658B-E294-47E6-82DE-8C6982187EE2}.Debug|x64.Build.0 = Debug|x64
		{9A32658B-E294-47E6-82DE-8C6982187EE2}.Debug|x86.ActiveCfg = Debug|Win32
		{9A32658B-E294-47E6-82DE-8C6982187EE2}.Debug|x86.Build.0 = Debug|Win32
		{9A32658B-E294-47E6-82DE-8C6982187EE2}.Release|Any CPU.ActiveCfg = Release|Win32
		{9A32658B-E294-47E6-82DE-8C6982187EE2}.Release|x64.ActiveCfg = Release|x64
		{9A32658B-E294-47E6-82DE-8C6982187EE2}.Release|x64.Build.0 = Release|x64
		{9A32658B-E294-47E6-82DE-8C6982187EE2}.Release|x86.ActiveCfg = Release|Win32
		{9A32658B-E294-47E6-82DE-8C6982187EE2}.Release|x86.Build.0 = Release|Win32
		{AA326A4A-D4BA-4413-948D-74B671F7E9F1}.Debug|Any CPU.ActiveCfg = Debug|Win32
		{AA326A4A-D4BA-4413-948D-74B671F7E9F1}.Debug|x64.ActiveCfg = Debug|x64
		{AA326A4A-D4BA-4413-948D-74B671F7E9F1}.Debug|x64.Build.0 = Debug|x64
		{AA326A4A-D4BA-4413-948D-74B671F7E9F1}.Debug|x86.ActiveCfg = Debug|Win32
		{AA326A4A-D4BA-4413-948D-74B671F7E9F1}.Debug|x86.Build.0 = Debug|Win32
		{AA326A4A-D4BA-4413-948D-74B671F7E9F1}.Release|Any CPU.ActiveCfg = Release|Win32
		{AA326A4A-D4BA-4413-948D-74B671F7E9F1}.Release|x64.ActiveCfg = Release|x64
		{AA326A4A-D4BA-4413-948D-74B671F7E9F1}.Release|x64.Build.0 = Release|x64
		{AA326A4A-D4BA-4413-948D-74B671F7E9F1}.Release|x86.ActiveCfg = Release|Win32
		{AA326A4A-D4BA-4413-948D-74B671F7E9F1}.Release|x86.Build.0 = Release|Win32
		{AFD36720-0075-4A46-BE76-AF754DBDBE63}.Debug|Any CPU.ActiveCfg = Debug|Win32
		{AFD36720-0075-4A46-BE76-AF754DBDBE63}.Debug|x64.ActiveCfg = Debug|x64
		{AFD36720-0075-4A46-BE76-AF754DBDBE63}.Debug|x64.Build.0 = Debug|x64
		{AFD36720-0075-4A46-BE76-AF754DBDBE63}.Debug|x86.ActiveCfg = Debug|Win32
		{AFD36720-0075-4A46-BE76-AF754DBDBE63}.Debug|x86.Build.0 = Debug|Win32
		{AFD36720-0075-4A46-BE76-AF754DBDBE63}.Release|Any CPU.ActiveCfg = Release|Win32
		{AFD36720-0075-4A46-BE76-AF754DBDBE63}.Release|x64.ActiveCfg = Release|x64
		{AFD36720-0075-4A46-BE76-AF754DBDBE63}.Release|x64.Build.0 = Release|x64
		{AFD36720-0075-4A46-BE76-AF754DBDBE63}.Release|x86.ActiveCfg = Release|Win32
		{AFD36720-0075-4A46-BE76-AF754DBDBE63}.Release|x86.Build.0 = Release|Win32
		{6773B1B9-58D0-456B-8EA1-77BA39E0427C}.Debug|Any CPU.ActiveCfg = Debug|Win32
		{6773B1B9-58D0-456B-8EA1-77BA39E0427C}.Debug|x64.ActiveCfg = Debug|x64
		{6773B1B9-58D0-456B-8EA1-77BA39E0427C}.Debug|x64.Build.0 = Debug|x64
		{6773B1B9-58D0-456B-8EA1-77BA39E0427C}.Debug|x86.ActiveCfg = Debug|Win32
		{6773B1B9-58D0-456B-8EA1-77BA39E0427C}.Debug|x86.Build.0 = Debug|Win32
		{6773B1B9-58D0-456B-8EA1-77BA39E0427C}.Release|Any CPU.ActiveCfg = Release|Win32
		{6773B1B9-58D0-456B-8EA1-77BA39E0427C}.Release|x64.ActiveCfg = Release|x64
		{6773B1B9-58D0-456B-8EA1-77BA39E0427C}.Release|x64.Build.0 = Release|x64
		{6773B1B9-58D0-456B-8EA1-77BA39E0427C}.Release|x86.ActiveCfg = Release|Win32
		{6773B1B9-58D0-456B-8EA1-77BA39E0427C}.Release|x86.Build.0 = Release|Win32
		{DEF4B094-B618-4D1B-8BF2-95126B6B2943}.Debug|Any CPU.ActiveCfg = Debug|Win32
		{DEF4B094-B618-4D1B-8BF2-95126B6B2943}.Debug|x64.ActiveCfg = Debug|x64
		{DEF4B094-B618-4D1B-8BF2-95126B6B2943}.Debug|x64.Build.0 = Debug|x64
		{DEF4B094-B618-4D1B-8BF2-95126B6B2943}.Debug|x86.ActiveCfg = Debug|Win32
		{DEF4B094-B618-4D1B-8BF2-95126B6B2943}.Debug|x86.Build.0 = Debug|Win32
		{DEF4B094-B618-4D1B-8BF2-95126B6B2943}.Release|Any CPU.ActiveCfg = Release|Win32
		{DEF4B094-B618-4D1B-8BF2-95126B6B2943}.Release|x64.ActiveCfg = Release|x64
		{DEF4B094-B618-4D1B-8BF2-95126B6B2943}.Release|x64.Build.0 = Release|x64
		{DEF4B094-B618-4D1B-8BF2-95126B6B2943}.Release|x86.ActiveCfg = Release|Win32
		{DEF4B094-B618-4D1B-8BF2-95126B6B2943}.Release|x86.Build.0 = Release|Win32
		{D79A322D-2512-42E0-BFEF-B07DF698649B}.Debug|Any CPU.ActiveCfg = Debug|Win32
		{D79A322D-2512-42E0-BFEF-B07DF698649B}.Debug|x64.ActiveCfg = Debug|x64
		{D79A322D-2512-42E0-BFEF-B07DF698649B}.Debug|x64.Build.0 = Debug|x64
		{D79A322D-2512-42E0-BFEF-B07DF698649B}.Debug|x86.ActiveCfg = Debug|Win32
		{D79A322D-2512-42E0-BFEF-B07DF698649B}.Debug|x86.Build.0 = Debug|Win32
		{D79A322D-2512-42E0-BFEF-B07DF698649B}.Release|Any CPU.ActiveCfg = Release|Win32
		{D79A322D-2512-42E0-BFEF-B07DF698649B}.Release|x64.ActiveCfg = Release|x64
		{D79A322D-2512-42E0-BFEF-B07DF698649B}.Release|x64.Build.0 = Release|x64
		{D79A322D-2512-42E0-BFEF-B07DF698649B}.Release|x86.ActiveCfg = Release|Win32
		{D79A322D-2512-42E0-BFEF-B07DF698649B}.Release|x86.Build.0 = Release|Win32
		{C54B94B6-F54C-47E0-8631-B4AB995D8A3B}.Debug|Any CPU.ActiveCfg = Debug|Win32
		{C54B94B6-F54C-47E0-8631-B4AB995D8A3B}.Debug|x64.ActiveCfg = Debug|x64
		{C54B94B6-F54C-47E0-8631-B4AB995D8A3B}.Debug|x64.Build.0 = Debug|x64
		{C54B94B6-F54C-47E0-8631-B4AB995D8A3B}.Debug|x86.ActiveCfg = Debug|Win32
		{C54B94B6-F54C-47E0-8631-B4AB995D8A3B}.Debug|x86.Build.0 = Debug|Win32
		{C54B94B6-F54C-47E0-8631-B4AB995D8A3B}.Release|Any CPU.ActiveCfg = Release|Win32
		{C54B94B6-F54C-47E0-8631-B4AB995D8A3B}.Release|x64.ActiveCfg = Release|x64
		{C54B94B6-F54C-47E0-8631-B4AB995D8A3B}.Release|x64.Build.0 = Release|x64
		{C54B94B6-F54C-47E0-8631-B4AB995D8A3B}.Release|x86.ActiveCfg = Release|Win32
		{C54B94B6-F54C-47E0-8631-B4AB995D8A3B}.Release|x86.Build.0 = Release|Win32
	EndGlobalSection
	GlobalSection(SolutionProperties) = preSolution
		HideSolutionNode = FALSE
	EndGlobalSection
	GlobalSection(NestedProjects) = preSolution
		{68920C02-18F3-40C7-A9BF-E37B71FD8C67} = {FA6EBC48-CE93-453D-B4BE-EA6157919E26}
		{9A32658B-E294-47E6-82DE-8C6982187EE2} = {0A6BAEB8-9682-426F-B4FD-055EC547D569}
		{AA326A4A-D4BA-4413-948D-74B671F7E9F1} = {877D3723-2176-4030-8715-6BC6FE3968C7}
		{AFD36720-0075-4A46-BE76-AF754DBDBE63} = {877D3723-2176-4030-8715-6BC6FE3968C7}
		{6773B1B9-58D0-456B-8EA1-77BA39E0427C} = {877D3723-2176-4030-8715-6BC6FE3968C7}
		{DEF4B094-B618-4D1B-8BF2-95126B6B2943} = {C68038FA-9291-4DDF-91DD-DDC4326D4662}
		{D79A322D-2512-42E0-BFEF-B07DF698649B} = {C68038FA-9291-4DDF-91DD-DDC4326D4662}
		{C54B94B6-F54C-47E0-8631-B4AB995D8A3B} = {C68038FA-9291-4DDF-91DD-DDC4326D4662}
	EndGlobalSection
	GlobalSection(ExtensibilityGlobals) = postSolution
		SolutionGuid = {F2E718D9-FAA4-489B-9588-D429C02F032D}
	EndGlobalSection
EndGlobal
