
Microsoft Visual Studio Solution File, Format Version 12.00
# Visual Studio Version 16
VisualStudioVersion = 16.0.33927.289
MinimumVisualStudioVersion = 10.0.40219.1
Project("{2150E333-8FDC-42A3-9474-1A3956D46DE8}") = "Task0", "Task0", "{FA6EBC48-CE93-453D-B4BE-EA6157919E26}"
EndProject
Project("{FAE04EC0-301F-11D3-BF4B-00C04F79EFBC}") = "Tyuiu.ZhdanovaAA.Sprint0.Task0.V0", "Tyuiu.ZhdanovaAA.Sprint0.Task0.V0\Tyuiu.ZhdanovaAA.Sprint0.Task0.V0.csproj", "{68920C02-18F3-40C7-A9BF-E37B71FD8C67}"
EndProject
Project("{2150E333-8FDC-42A3-9474-1A3956D46DE8}") = "Task1", "Task1", "{0A6BAEB8-9682-426F-B4FD-055EC547D569}"
EndProject
Project("{8BC9CEB8-8B4A-11D0-8D11-00A0C91BC942}") = "Tyuiu.ZhdanovaAA.Sprint0.Task1.V0", "Tyuiu.ZhdanovaAA.Sprint0.Task1.V0\Tyuiu.ZhdanovaAA.Sprint0.Task1.V0.vcxproj", "{9A32658B-E294-47E6-82DE-8C6982187EE2}"
EndProject
Project("{8BC9CEB8-8B4A-11D0-8D11-00A0C91BC942}") = "Tyuiu.ZhdanovaAA.Sprint0.Task2.V0", "Tyuiu.ZhdanovaAA.Sprint0.Task2\Tyuiu.ZhdanovaAA.Sprint0.Task2.vcxproj", "{AA326A4A-D4BA-4413-948D-74B671F7E9F1}"
EndProject
Project("{2150E333-8FDC-42A3-9474-1A3956D46DE8}") = "Task2", "Task2", "{877D3723-2176-4030-8715-6BC6FE3968C7}"
EndProject
Project("{8BC9CEB8-8B4A-11D0-8D11-00A0C91BC942}") = "Tyuiu.ZhdanovaAA.Sprint0.Task2.V0.Lib", "Tyuiu.ZhdanovaAA.Sprint0.Task2.Lib\Tyuiu.ZhdanovaAA.Sprint0.Task2.Lib.vcxproj", "{AFD36720-0075-4A46-BE76-AF754DBDBE63}"
EndProject
Project("{8BC9CEB8-8B4A-11D0-8D11-00A0C91BC942}") = "Tyuiu.ZhdanovaAA.Sprint0.Task2.V0.Test", "Tyuiu.ZhdanovaAA.Sprint0.Task2.Test\Tyuiu.ZhdanovaAA.Sprint0.Task2.Test.vcxproj", "{6773B1B9-58D0-456B-8EA1-77BA39E0427C}"
EndProject
Project("{8BC9CEB8-8B4A-11D0-8D11-00A0C91BC942}") = "Tyuiu.ZhdanovaAA.Sprint0.Task3.V0", "Tyuiu.ZhdanovaAA.Sprint0.Task3.V0\Tyuiu.ZhdanovaAA.Sprint0.Task3.V0.vcxproj", "{DEF4B094-B618-4D1B-8BF2-95126B6B2943}"
EndProject
Project("{2150E333-8FDC-42A3-9474-1A3956D46DE8}") = "Task3", "Task3", "{C68038FA-9291-4DDF-91DD-DDC4326D4662}"
EndProject
Project("{8BC9CEB8-8B4A-11D0-8D11-00A0C91BC942}") = "Tyuiu.ZhdanovaAA.Sprint0.Task3.V0.Test", "Tyuiu.ZhdanovaAA.Sprint0.Task3.V0.Test\Tyuiu.ZhdanovaAA.Sprint0.Task3.V0.Test.vcxproj", "{D79A322D-2512-42E0-BFEF-B07DF698649B}"
EndProject
Project("{8BC9CEB8-8B4A-11D0-8D11-00A0C91BC942}") = "Tyuiu.ZhdanovaAA.Sprint0.Task3.V0.Lib", "Tyuiu.ZhdanovaAA.Sprint0.Task3.V0.Lib\Tyuiu.ZhdanovaAA.Sprint0.Task3.V0.Lib.vcxproj", "{C54B94B6-F54C-47E0-8631-B4AB995D8A3B}"
EndProject
Project("{2150E333-8FDC-42A3-9474-1A3956D46DE8}") = "Task4", "Task4", "{98A11BA0-2B95-4382-A854-D85DE96EB120}"
EndProject
Project("{8BC9CEB8-8B4A-11D0-8D11-00A0C91BC942}") = "Tyuiu.ZhdanovaAA.Sprint0.Task4.Lib", "Tyuiu.ZhdanovaAA.Sprint0.Task4.V0.Lib\Tyuiu.ZhdanovaAA.Sprint0.Task4.V0.Lib.vcxproj", "{4FBE4C3F-D06A-4E65-AA44-E4E06A8B5B95}"
EndProject
Project("{8BC9CEB8-8B4A-11D0-8D11-00A0C91BC942}") = "Tyuiu.ZhdanovaAA.Sprint0.Task4.Test", "Tyuiu.ZhdanovaAA.Sprint0.Task4.V0.Test\Tyuiu.ZhdanovaAA.Sprint0.Task4.V0.Test.vcxproj", "{0426C853-CF61-4B13-A7E1-FB0DCF389522}"
EndProject
Project("{2150E333-8FDC-42A3-9474-1A3956D46DE8}") = "Task5", "Task5", "{152465A7-FF95-4889-9659-59F22F0D9D81}"
EndProject
Project("{8BC9CEB8-8B4A-11D0-8D11-00A0C91BC942}") = "Tyuiu.ZhdanovaAA.Sprint0.Task5.Test", "Tyuiu.ZhdanovaAA.Sprint0.Task5.Test\Tyuiu.ZhdanovaAA.Sprint0.Task5.Test.vcxproj", "{8EF7E051-472E-4A63-A82F-3E4C3B1AB1A6}"
EndProject
Project("{8BC9CEB8-8B4A-11D0-8D11-00A0C91BC942}") = "Tyuiu.ZhdanovaAA.Sprint0.Task5.Lib", "Tyuiu.ZhdanovaAA.Sprint0.Task5.Lib\Tyuiu.ZhdanovaAA.Sprint0.Task5.Lib.vcxproj", "{2EFF45F7-D5A9-41FF-8527-E085188A8001}"
EndProject
Project("{8BC9CEB8-8B4A-11D0-8D11-00A0C91BC942}") = "Tyuiu.ZhdanovaAA.Sprint0.Task5.V0", "Tyuiu.ZhdanovaAA.Sprint0.Task5.V0\Tyuiu.ZhdanovaAA.Sprint0.Task5.V0.vcxproj", "{60BCA519-F00D-4587-B386-0A7B12323D25}"
EndProject
Project("{8BC9CEB8-8B4A-11D0-8D11-00A0C91BC942}") = "Tyuiu.ZhdanovaAA.Sprint0.Task5.V1", "Tyuiu.ZhdanovaAA.Sprint0.Task5.V1\Tyuiu.ZhdanovaAA.Sprint0.Task5.V1.vcxproj", "{1B06F19A-3A55-4B22-BA58-B0E1E44EB15A}"
EndProject
Project("{8BC9CEB8-8B4A-11D0-8D11-00A0C91BC942}") = "Tyuiu.ZhdanovaAA.Sprint0.Task5.V2", "Tyuiu.ZhdanovaAA.Sprint0.Task5.V2\Tyuiu.ZhdanovaAA.Sprint0.Task5.V2.vcxproj", "{8AA87A53-5E2C-4767-B9D6-D7E7A9F24992}"
EndProject
Project("{2150E333-8FDC-42A3-9474-1A3956D46DE8}") = "Task6", "Task6", "{439F0F62-5948-4C48-B0E7-D40ECA20D3AD}"
EndProject
Project("{8BC9CEB8-8B4A-11D0-8D11-00A0C91BC942}") = "Tyuiu.ZhdanovaAA.Sprint0.Task6.V2", "Tyuiu.ZhdanovaAA.Sprint0.Task6.V2\Tyuiu.ZhdanovaAA.Sprint0.Task6.V2.vcxproj", "{F9D04357-B53E-4E58-951B-9967A77EDFAA}"
EndProject
Project("{8BC9CEB8-8B4A-11D0-8D11-00A0C91BC942}") = "Tyuiu.ZhdanovaAA.Sprint0.Task6.Lib", "Tyuiu.ZhdanovaAA.Sprint0.Task6.Lib\Tyuiu.ZhdanovaAA.Sprint0.Task6.Lib.vcxproj", "{26C04395-B567-4D17-9940-9A6C50B252EA}"
EndProject
Project("{8BC9CEB8-8B4A-11D0-8D11-00A0C91BC942}") = "Tyuiu.ZhdanovaAA.Sprint0.Task6.Test", "Tyuiu.ZhdanovaAA.Sprint0.Task6.Test\Tyuiu.ZhdanovaAA.Sprint0.Task6.Test.vcxproj", "{F112C0EE-072F-4C21-9565-65D7932C4A3C}"
EndProject
Project("{8BC9CEB8-8B4A-11D0-8D11-00A0C91BC942}") = "Tyuiu.ZhdanovaAA.Sprint0.Task6.V1", "Tyuiu.ZhdanovaAA.Sprint0.Task6.V1\Tyuiu.ZhdanovaAA.Sprint0.Task6.V1.vcxproj", "{0EF05248-2293-435C-92B2-85756D8556BB}"
EndProject
Project("{8BC9CEB8-8B4A-11D0-8D11-00A0C91BC942}") = "Tyuiu.ZhdanovaAA.Sprint0.Task4.V2", "Tyuiu.ZhdanovaAA.Sprint0.Task4.V2\Tyuiu.ZhdanovaAA.Sprint0.Task4.V2.vcxproj", "{7C8FE404-352E-4260-B7AA-734CEB98E25E}"
EndProject
Project("{8BC9CEB8-8B4A-11D0-8D11-00A0C91BC942}") = "Tyuiu.ZhdanovaAA.Sprint0.Task4.V0", "Tyuiu.ZhdanovaAA.Sprint0.Task4.V0\Tyuiu.ZhdanovaAA.Sprint0.Task4.V0.vcxproj", "{D8D5CB21-9899-42E6-9110-64AD5A1BBD8A}"
EndProject
Project("{8BC9CEB8-8B4A-11D0-8D11-00A0C91BC942}") = "Tyuiu.ZhdanovaAA.Sprint0.Task4.V1", "Tyuiu.ZhdanovaAA.Sprint0.Task4.V1\Tyuiu.ZhdanovaAA.Sprint0.Task4.V1.vcxproj", "{E7A255D6-0F7B-4E26-B624-69873FC72583}"
EndProject
Project("{8BC9CEB8-8B4A-11D0-8D11-00A0C91BC942}") = "Tyuiu.ZhdanovaAA.Sprint0.Task4.V3", "Tyuiu.ZhdanovaAA.Sprint0.Task4.V3\Tyuiu.ZhdanovaAA.Sprint0.Task4.V3.vcxproj", "{7E734D65-E114-4CFD-A6D1-C7DA4C552F01}"
EndProject
Project("{8BC9CEB8-8B4A-11D0-8D11-00A0C91BC942}") = "Tyuiu.ZhdanovaAA.Sprint0.Task4.V4", "Tyuiu.ZhdanovaAA.Sprint0.Task4.V4\Tyuiu.ZhdanovaAA.Sprint0.Task4.V4.vcxproj", "{A53284EA-29C0-4CAB-A9E8-FAE8D2D472CD}"
EndProject
Project("{8BC9CEB8-8B4A-11D0-8D11-00A0C91BC942}") = "Tyuiu.ZhdanovaAA.Sprint0.Task6.V0", "Tyuiu.ZhdanovaAA.Sprint0.Task6.V0\Tyuiu.ZhdanovaAA.Sprint0.Task6.V0.vcxproj", "{31F84804-2C7A-408B-A354-5388FC9C04AD}"
EndProject
Project("{8BC9CEB8-8B4A-11D0-8D11-00A0C91BC942}") = "Tyuiu.ZhdanovaAA.Sprint0.Task6.V3", "Tyuiu.ZhdanovaAA.Sprint0.Task6.V3\Tyuiu.ZhdanovaAA.Sprint0.Task6.V3.vcxproj", "{A5650693-86B5-4F8C-872C-F735709AF669}"
EndProject
Project("{8BC9CEB8-8B4A-11D0-8D11-00A0C91BC942}") = "Tyuiu.ZhdanovaAA.Sprint0.Task6.V4", "Tyuiu.ZhdanovaAA.Sprint0.Task6.V4\Tyuiu.ZhdanovaAA.Sprint0.Task6.V4.vcxproj", "{FC286FD9-57AB-43B1-8729-1074ADE1C1A6}"
EndProject
Global
	GlobalSection(SolutionConfigurationPlatforms) = preSolution
		Debug|Any CPU = Debug|Any CPU
		Debug|x64 = Debug|x64
		Debug|x86 = Debug|x86
		Release|Any CPU = Release|Any CPU
		Release|x64 = Release|x64
		Release|x86 = Release|x86
	EndGlobalSection
	GlobalSection(ProjectConfigurationPlatforms) = postSolution
		{68920C02-18F3-40C7-A9BF-E37B71FD8C67}.Debug|Any CPU.ActiveCfg = Debug|Any CPU
		{68920C02-18F3-40C7-A9BF-E37B71FD8C67}.Debug|Any CPU.Build.0 = Debug|Any CPU
		{68920C02-18F3-40C7-A9BF-E37B71FD8C67}.Debug|x64.ActiveCfg = Debug|Any CPU
		{68920C02-18F3-40C7-A9BF-E37B71FD8C67}.Debug|x64.Build.0 = Debug|Any CPU
		{68920C02-18F3-40C7-A9BF-E37B71FD8C67}.Debug|x86.ActiveCfg = Debug|Any CPU
		{68920C02-18F3-40C7-A9BF-E37B71FD8C67}.Debug|x86.Build.0 = Debug|Any CPU
		{68920C02-18F3-40C7-A9BF-E37B71FD8C67}.Release|Any CPU.ActiveCfg = Release|Any CPU
		{68920C02-18F3-40C7-A9BF-E37B71FD8C67}.Release|Any CPU.Build.0 = Release|Any CPU
		{68920C02-18F3-40C7-A9BF-E37B71FD8C67}.Release|x64.ActiveCfg = Release|Any CPU
		{68920C02-18F3-40C7-A9BF-E37B71FD8C67}.Release|x64.Build.0 = Release|Any CPU
		{68920C02-18F3-40C7-A9BF-E37B71FD8C67}.Release|x86.ActiveCfg = Release|Any CPU
		{68920C02-18F3-40C7-A9BF-E37B71FD8C67}.Release|x86.Build.0 = Release|Any CPU
		{9A32658B-E294-47E6-82DE-8C6982187EE2}.Debug|Any CPU.ActiveCfg = Debug|Win32
		{9A32658B-E294-47E6-82DE-8C6982187EE2}.Debug|x64.ActiveCfg = Debug|x64
		{9A32658B-E294-47E6-82DE-8C6982187EE2}.Debug|x64.Build.0 = Debug|x64
		{9A32658B-E294-47E6-82DE-8C6982187EE2}.Debug|x86.ActiveCfg = Debug|Win32
		{9A32658B-E294-47E6-82DE-8C6982187EE2}.Debug|x86.Build.0 = Debug|Win32
		{9A32658B-E294-47E6-82DE-8C6982187EE2}.Release|Any CPU.ActiveCfg = Release|Win32
		{9A32658B-E294-47E6-82DE-8C6982187EE2}.Release|x64.ActiveCfg = Release|x64
		{9A32658B-E294-47E6-82DE-8C6982187EE2}.Release|x64.Build.0 = Release|x64
		{9A32658B-E294-47E6-82DE-8C6982187EE2}.Release|x86.ActiveCfg = Release|Win32
		{9A32658B-E294-47E6-82DE-8C6982187EE2}.Release|x86.Build.0 = Release|Win32
		{AA326A4A-D4BA-4413-948D-74B671F7E9F1}.Debug|Any CPU.ActiveCfg = Debug|Win32
		{AA326A4A-D4BA-4413-948D-74B671F7E9F1}.Debug|x64.ActiveCfg = Debug|x64
		{AA326A4A-D4BA-4413-948D-74B671F7E9F1}.Debug|x64.Build.0 = Debug|x64
		{AA326A4A-D4BA-4413-948D-74B671F7E9F1}.Debug|x86.ActiveCfg = Debug|Win32
		{AA326A4A-D4BA-4413-948D-74B671F7E9F1}.Debug|x86.Build.0 = Debug|Win32
		{AA326A4A-D4BA-4413-948D-74B671F7E9F1}.Release|Any CPU.ActiveCfg = Release|Win32
		{AA326A4A-D4BA-4413-948D-74B671F7E9F1}.Release|x64.ActiveCfg = Release|x64
		{AA326A4A-D4BA-4413-948D-74B671F7E9F1}.Release|x64.Build.0 = Release|x64
		{AA326A4A-D4BA-4413-948D-74B671F7E9F1}.Release|x86.ActiveCfg = Release|Win32
		{AA326A4A-D4BA-4413-948D-74B671F7E9F1}.Release|x86.Build.0 = Release|Win32
		{AFD36720-0075-4A46-BE76-AF754DBDBE63}.Debug|Any CPU.ActiveCfg = Debug|Win32
		{AFD36720-0075-4A46-BE76-AF754DBDBE63}.Debug|x64.ActiveCfg = Debug|x64
		{AFD36720-0075-4A46-BE76-AF754DBDBE63}.Debug|x64.Build.0 = Debug|x64
		{AFD36720-0075-4A46-BE76-AF754DBDBE63}.Debug|x86.ActiveCfg = Debug|Win32
		{AFD36720-0075-4A46-BE76-AF754DBDBE63}.Debug|x86.Build.0 = Debug|Win32
		{AFD36720-0075-4A46-BE76-AF754DBDBE63}.Release|Any CPU.ActiveCfg = Release|Win32
		{AFD36720-0075-4A46-BE76-AF754DBDBE63}.Release|x64.ActiveCfg = Release|x64
		{AFD36720-0075-4A46-BE76-AF754DBDBE63}.Release|x64.Build.0 = Release|x64
		{AFD36720-0075-4A46-BE76-AF754DBDBE63}.Release|x86.ActiveCfg = Release|Win32
		{AFD36720-0075-4A46-BE76-AF754DBDBE63}.Release|x86.Build.0 = Release|Win32
		{6773B1B9-58D0-456B-8EA1-77BA39E0427C}.Debug|Any CPU.ActiveCfg = Debug|Win32
		{6773B1B9-58D0-456B-8EA1-77BA39E0427C}.Debug|x64.ActiveCfg = Debug|x64
		{6773B1B9-58D0-456B-8EA1-77BA39E0427C}.Debug|x64.Build.0 = Debug|x64
		{6773B1B9-58D0-456B-8EA1-77BA39E0427C}.Debug|x86.ActiveCfg = Debug|Win32
		{6773B1B9-58D0-456B-8EA1-77BA39E0427C}.Debug|x86.Build.0 = Debug|Win32
		{6773B1B9-58D0-456B-8EA1-77BA39E0427C}.Release|Any CPU.ActiveCfg = Release|Win32
		{6773B1B9-58D0-456B-8EA1-77BA39E0427C}.Release|x64.ActiveCfg = Release|x64
		{6773B1B9-58D0-456B-8EA1-77BA39E0427C}.Release|x64.Build.0 = Release|x64
		{6773B1B9-58D0-456B-8EA1-77BA39E0427C}.Release|x86.ActiveCfg = Release|Win32
		{6773B1B9-58D0-456B-8EA1-77BA39E0427C}.Release|x86.Build.0 = Release|Win32
		{DEF4B094-B618-4D1B-8BF2-95126B6B2943}.Debug|Any CPU.ActiveCfg = Debug|Win32
		{DEF4B094-B618-4D1B-8BF2-95126B6B2943}.Debug|x64.ActiveCfg = Debug|x64
		{DEF4B094-B618-4D1B-8BF2-95126B6B2943}.Debug|x64.Build.0 = Debug|x64
		{DEF4B094-B618-4D1B-8BF2-95126B6B2943}.Debug|x86.ActiveCfg = Debug|Win32
		{DEF4B094-B618-4D1B-8BF2-95126B6B2943}.Debug|x86.Build.0 = Debug|Win32
		{DEF4B094-B618-4D1B-8BF2-95126B6B2943}.Release|Any CPU.ActiveCfg = Release|Win32
		{DEF4B094-B618-4D1B-8BF2-95126B6B2943}.Release|x64.ActiveCfg = Release|x64
		{DEF4B094-B618-4D1B-8BF2-95126B6B2943}.Release|x64.Build.0 = Release|x64
		{DEF4B094-B618-4D1B-8BF2-95126B6B2943}.Release|x86.ActiveCfg = Release|Win32
		{DEF4B094-B618-4D1B-8BF2-95126B6B2943}.Release|x86.Build.0 = Release|Win32
		{D79A322D-2512-42E0-BFEF-B07DF698649B}.Debug|Any CPU.ActiveCfg = Debug|Win32
		{D79A322D-2512-42E0-BFEF-B07DF698649B}.Debug|x64.ActiveCfg = Debug|x64
		{D79A322D-2512-42E0-BFEF-B07DF698649B}.Debug|x64.Build.0 = Debug|x64
		{D79A322D-2512-42E0-BFEF-B07DF698649B}.Debug|x86.ActiveCfg = Debug|Win32
		{D79A322D-2512-42E0-BFEF-B07DF698649B}.Debug|x86.Build.0 = Debug|Win32
		{D79A322D-2512-42E0-BFEF-B07DF698649B}.Release|Any CPU.ActiveCfg = Release|Win32
		{D79A322D-2512-42E0-BFEF-B07DF698649B}.Release|x64.ActiveCfg = Release|x64
		{D79A322D-2512-42E0-BFEF-B07DF698649B}.Release|x64.Build.0 = Release|x64
		{D79A322D-2512-42E0-BFEF-B07DF698649B}.Release|x86.ActiveCfg = Release|Win32
		{D79A322D-2512-42E0-BFEF-B07DF698649B}.Release|x86.Build.0 = Release|Win32
		{C54B94B6-F54C-47E0-8631-B4AB995D8A3B}.Debug|Any CPU.ActiveCfg = Debug|Win32
		{C54B94B6-F54C-47E0-8631-B4AB995D8A3B}.Debug|x64.ActiveCfg = Debug|x64
		{C54B94B6-F54C-47E0-8631-B4AB995D8A3B}.Debug|x64.Build.0 = Debug|x64
		{C54B94B6-F54C-47E0-8631-B4AB995D8A3B}.Debug|x86.ActiveCfg = Debug|Win32
		{C54B94B6-F54C-47E0-8631-B4AB995D8A3B}.Debug|x86.Build.0 = Debug|Win32
		{C54B94B6-F54C-47E0-8631-B4AB995D8A3B}.Release|Any CPU.ActiveCfg = Release|Win32
		{C54B94B6-F54C-47E0-8631-B4AB995D8A3B}.Release|x64.ActiveCfg = Release|x64
		{C54B94B6-F54C-47E0-8631-B4AB995D8A3B}.Release|x64.Build.0 = Release|x64
		{C54B94B6-F54C-47E0-8631-B4AB995D8A3B}.Release|x86.ActiveCfg = Release|Win32
		{C54B94B6-F54C-47E0-8631-B4AB995D8A3B}.Release|x86.Build.0 = Release|Win32
		{4FBE4C3F-D06A-4E65-AA44-E4E06A8B5B95}.Debug|Any CPU.ActiveCfg = Debug|Win32
		{4FBE4C3F-D06A-4E65-AA44-E4E06A8B5B95}.Debug|x64.ActiveCfg = Debug|x64
		{4FBE4C3F-D06A-4E65-AA44-E4E06A8B5B95}.Debug|x64.Build.0 = Debug|x64
		{4FBE4C3F-D06A-4E65-AA44-E4E06A8B5B95}.Debug|x86.ActiveCfg = Debug|Win32
		{4FBE4C3F-D06A-4E65-AA44-E4E06A8B5B95}.Debug|x86.Build.0 = Debug|Win32
		{4FBE4C3F-D06A-4E65-AA44-E4E06A8B5B95}.Release|Any CPU.ActiveCfg = Release|Win32
		{4FBE4C3F-D06A-4E65-AA44-E4E06A8B5B95}.Release|x64.ActiveCfg = Release|x64
		{4FBE4C3F-D06A-4E65-AA44-E4E06A8B5B95}.Release|x64.Build.0 = Release|x64
		{4FBE4C3F-D06A-4E65-AA44-E4E06A8B5B95}.Release|x86.ActiveCfg = Release|Win32
		{4FBE4C3F-D06A-4E65-AA44-E4E06A8B5B95}.Release|x86.Build.0 = Release|Win32
		{0426C853-CF61-4B13-A7E1-FB0DCF389522}.Debug|Any CPU.ActiveCfg = Debug|Win32
		{0426C853-CF61-4B13-A7E1-FB0DCF389522}.Debug|x64.ActiveCfg = Debug|x64
		{0426C853-CF61-4B13-A7E1-FB0DCF389522}.Debug|x64.Build.0 = Debug|x64
		{0426C853-CF61-4B13-A7E1-FB0DCF389522}.Debug|x86.ActiveCfg = Debug|Win32
		{0426C853-CF61-4B13-A7E1-FB0DCF389522}.Debug|x86.Build.0 = Debug|Win32
		{0426C853-CF61-4B13-A7E1-FB0DCF389522}.Release|Any CPU.ActiveCfg = Release|Win32
		{0426C853-CF61-4B13-A7E1-FB0DCF389522}.Release|x64.ActiveCfg = Release|x64
		{0426C853-CF61-4B13-A7E1-FB0DCF389522}.Release|x64.Build.0 = Release|x64
		{0426C853-CF61-4B13-A7E1-FB0DCF389522}.Release|x86.ActiveCfg = Release|Win32
		{0426C853-CF61-4B13-A7E1-FB0DCF389522}.Release|x86.Build.0 = Release|Win32
		{8EF7E051-472E-4A63-A82F-3E4C3B1AB1A6}.Debug|Any CPU.ActiveCfg = Debug|Win32
		{8EF7E051-472E-4A63-A82F-3E4C3B1AB1A6}.Debug|x64.ActiveCfg = Debug|x64
		{8EF7E051-472E-4A63-A82F-3E4C3B1AB1A6}.Debug|x64.Build.0 = Debug|x64
		{8EF7E051-472E-4A63-A82F-3E4C3B1AB1A6}.Debug|x86.ActiveCfg = Debug|Win32
		{8EF7E051-472E-4A63-A82F-3E4C3B1AB1A6}.Debug|x86.Build.0 = Debug|Win32
		{8EF7E051-472E-4A63-A82F-3E4C3B1AB1A6}.Release|Any CPU.ActiveCfg = Release|Win32
		{8EF7E051-472E-4A63-A82F-3E4C3B1AB1A6}.Release|x64.ActiveCfg = Release|x64
		{8EF7E051-472E-4A63-A82F-3E4C3B1AB1A6}.Release|x64.Build.0 = Release|x64
		{8EF7E051-472E-4A63-A82F-3E4C3B1AB1A6}.Release|x86.ActiveCfg = Release|Win32
		{8EF7E051-472E-4A63-A82F-3E4C3B1AB1A6}.Release|x86.Build.0 = Release|Win32
		{2EFF45F7-D5A9-41FF-8527-E085188A8001}.Debug|Any CPU.ActiveCfg = Debug|Win32
		{2EFF45F7-D5A9-41FF-8527-E085188A8001}.Debug|x64.ActiveCfg = Debug|x64
		{2EFF45F7-D5A9-41FF-8527-E085188A8001}.Debug|x64.Build.0 = Debug|x64
		{2EFF45F7-D5A9-41FF-8527-E085188A8001}.Debug|x86.ActiveCfg = Debug|Win32
		{2EFF45F7-D5A9-41FF-8527-E085188A8001}.Debug|x86.Build.0 = Debug|Win32
		{2EFF45F7-D5A9-41FF-8527-E085188A8001}.Release|Any CPU.ActiveCfg = Release|Win32
		{2EFF45F7-D5A9-41FF-8527-E085188A8001}.Release|x64.ActiveCfg = Release|x64
		{2EFF45F7-D5A9-41FF-8527-E085188A8001}.Release|x64.Build.0 = Release|x64
		{2EFF45F7-D5A9-41FF-8527-E085188A8001}.Release|x86.ActiveCfg = Release|Win32
		{2EFF45F7-D5A9-41FF-8527-E085188A8001}.Release|x86.Build.0 = Release|Win32
		{60BCA519-F00D-4587-B386-0A7B12323D25}.Debug|Any CPU.ActiveCfg = Debug|Win32
		{60BCA519-F00D-4587-B386-0A7B12323D25}.Debug|x64.ActiveCfg = Debug|x64
		{60BCA519-F00D-4587-B386-0A7B12323D25}.Debug|x64.Build.0 = Debug|x64
		{60BCA519-F00D-4587-B386-0A7B12323D25}.Debug|x86.ActiveCfg = Debug|Win32
		{60BCA519-F00D-4587-B386-0A7B12323D25}.Debug|x86.Build.0 = Debug|Win32
		{60BCA519-F00D-4587-B386-0A7B12323D25}.Release|Any CPU.ActiveCfg = Release|Win32
		{60BCA519-F00D-4587-B386-0A7B12323D25}.Release|x64.ActiveCfg = Release|x64
		{60BCA519-F00D-4587-B386-0A7B12323D25}.Release|x64.Build.0 = Release|x64
		{60BCA519-F00D-4587-B386-0A7B12323D25}.Release|x86.ActiveCfg = Release|Win32
		{60BCA519-F00D-4587-B386-0A7B12323D25}.Release|x86.Build.0 = Release|Win32
		{1B06F19A-3A55-4B22-BA58-B0E1E44EB15A}.Debug|Any CPU.ActiveCfg = Debug|Win32
		{1B06F19A-3A55-4B22-BA58-B0E1E44EB15A}.Debug|x64.ActiveCfg = Debug|x64
		{1B06F19A-3A55-4B22-BA58-B0E1E44EB15A}.Debug|x64.Build.0 = Debug|x64
		{1B06F19A-3A55-4B22-BA58-B0E1E44EB15A}.Debug|x86.ActiveCfg = Debug|Win32
		{1B06F19A-3A55-4B22-BA58-B0E1E44EB15A}.Debug|x86.Build.0 = Debug|Win32
		{1B06F19A-3A55-4B22-BA58-B0E1E44EB15A}.Release|Any CPU.ActiveCfg = Release|Win32
		{1B06F19A-3A55-4B22-BA58-B0E1E44EB15A}.Release|x64.ActiveCfg = Release|x64
		{1B06F19A-3A55-4B22-BA58-B0E1E44EB15A}.Release|x64.Build.0 = Release|x64
		{1B06F19A-3A55-4B22-BA58-B0E1E44EB15A}.Release|x86.ActiveCfg = Release|Win32
		{1B06F19A-3A55-4B22-BA58-B0E1E44EB15A}.Release|x86.Build.0 = Release|Win32
		{8AA87A53-5E2C-4767-B9D6-D7E7A9F24992}.Debug|Any CPU.ActiveCfg = Debug|Win32
		{8AA87A53-5E2C-4767-B9D6-D7E7A9F24992}.Debug|x64.ActiveCfg = Debug|x64
		{8AA87A53-5E2C-4767-B9D6-D7E7A9F24992}.Debug|x64.Build.0 = Debug|x64
		{8AA87A53-5E2C-4767-B9D6-D7E7A9F24992}.Debug|x86.ActiveCfg = Debug|Win32
		{8AA87A53-5E2C-4767-B9D6-D7E7A9F24992}.Debug|x86.Build.0 = Debug|Win32
		{8AA87A53-5E2C-4767-B9D6-D7E7A9F24992}.Release|Any CPU.ActiveCfg = Release|Win32
		{8AA87A53-5E2C-4767-B9D6-D7E7A9F24992}.Release|x64.ActiveCfg = Release|x64
		{8AA87A53-5E2C-4767-B9D6-D7E7A9F24992}.Release|x64.Build.0 = Release|x64
		{8AA87A53-5E2C-4767-B9D6-D7E7A9F24992}.Release|x86.ActiveCfg = Release|Win32
		{8AA87A53-5E2C-4767-B9D6-D7E7A9F24992}.Release|x86.Build.0 = Release|Win32
		{F9D04357-B53E-4E58-951B-9967A77EDFAA}.Debug|Any CPU.ActiveCfg = Debug|Win32
		{F9D04357-B53E-4E58-951B-9967A77EDFAA}.Debug|x64.ActiveCfg = Debug|x64
		{F9D04357-B53E-4E58-951B-9967A77EDFAA}.Debug|x64.Build.0 = Debug|x64
		{F9D04357-B53E-4E58-951B-9967A77EDFAA}.Debug|x86.ActiveCfg = Debug|Win32
		{F9D04357-B53E-4E58-951B-9967A77EDFAA}.Debug|x86.Build.0 = Debug|Win32
		{F9D04357-B53E-4E58-951B-9967A77EDFAA}.Release|Any CPU.ActiveCfg = Release|Win32
		{F9D04357-B53E-4E58-951B-9967A77EDFAA}.Release|x64.ActiveCfg = Release|x64
		{F9D04357-B53E-4E58-951B-9967A77EDFAA}.Release|x64.Build.0 = Release|x64
		{F9D04357-B53E-4E58-951B-9967A77EDFAA}.Release|x86.ActiveCfg = Release|Win32
		{F9D04357-B53E-4E58-951B-9967A77EDFAA}.Release|x86.Build.0 = Release|Win32
		{26C04395-B567-4D17-9940-9A6C50B252EA}.Debug|Any CPU.ActiveCfg = Debug|Win32
		{26C04395-B567-4D17-9940-9A6C50B252EA}.Debug|x64.ActiveCfg = Debug|x64
		{26C04395-B567-4D17-9940-9A6C50B252EA}.Debug|x64.Build.0 = Debug|x64
		{26C04395-B567-4D17-9940-9A6C50B252EA}.Debug|x86.ActiveCfg = Debug|Win32
		{26C04395-B567-4D17-9940-9A6C50B252EA}.Debug|x86.Build.0 = Debug|Win32
		{26C04395-B567-4D17-9940-9A6C50B252EA}.Release|Any CPU.ActiveCfg = Release|Win32
		{26C04395-B567-4D17-9940-9A6C50B252EA}.Release|x64.ActiveCfg = Release|x64
		{26C04395-B567-4D17-9940-9A6C50B252EA}.Release|x64.Build.0 = Release|x64
		{26C04395-B567-4D17-9940-9A6C50B252EA}.Release|x86.ActiveCfg = Release|Win32
		{26C04395-B567-4D17-9940-9A6C50B252EA}.Release|x86.Build.0 = Release|Win32
		{F112C0EE-072F-4C21-9565-65D7932C4A3C}.Debug|Any CPU.ActiveCfg = Debug|Win32
		{F112C0EE-072F-4C21-9565-65D7932C4A3C}.Debug|x64.ActiveCfg = Debug|x64
		{F112C0EE-072F-4C21-9565-65D7932C4A3C}.Debug|x64.Build.0 = Debug|x64
		{F112C0EE-072F-4C21-9565-65D7932C4A3C}.Debug|x86.ActiveCfg = Debug|Win32
		{F112C0EE-072F-4C21-9565-65D7932C4A3C}.Debug|x86.Build.0 = Debug|Win32
		{F112C0EE-072F-4C21-9565-65D7932C4A3C}.Release|Any CPU.ActiveCfg = Release|Win32
		{F112C0EE-072F-4C21-9565-65D7932C4A3C}.Release|x64.ActiveCfg = Release|x64
		{F112C0EE-072F-4C21-9565-65D7932C4A3C}.Release|x64.Build.0 = Release|x64
		{F112C0EE-072F-4C21-9565-65D7932C4A3C}.Release|x86.ActiveCfg = Release|Win32
		{F112C0EE-072F-4C21-9565-65D7932C4A3C}.Release|x86.Build.0 = Release|Win32
		{0EF05248-2293-435C-92B2-85756D8556BB}.Debug|Any CPU.ActiveCfg = Debug|Win32
		{0EF05248-2293-435C-92B2-85756D8556BB}.Debug|x64.ActiveCfg = Debug|x64
		{0EF05248-2293-435C-92B2-85756D8556BB}.Debug|x64.Build.0 = Debug|x64
		{0EF05248-2293-435C-92B2-85756D8556BB}.Debug|x86.ActiveCfg = Debug|Win32
		{0EF05248-2293-435C-92B2-85756D8556BB}.Debug|x86.Build.0 = Debug|Win32
		{0EF05248-2293-435C-92B2-85756D8556BB}.Release|Any CPU.ActiveCfg = Release|Win32
		{0EF05248-2293-435C-92B2-85756D8556BB}.Release|x64.ActiveCfg = Release|x64
		{0EF05248-2293-435C-92B2-85756D8556BB}.Release|x64.Build.0 = Release|x64
		{0EF05248-2293-435C-92B2-85756D8556BB}.Release|x86.ActiveCfg = Release|Win32
		{0EF05248-2293-435C-92B2-85756D8556BB}.Release|x86.Build.0 = Release|Win32
		{7C8FE404-352E-4260-B7AA-734CEB98E25E}.Debug|Any CPU.ActiveCfg = Debug|Win32
		{7C8FE404-352E-4260-B7AA-734CEB98E25E}.Debug|x64.ActiveCfg = Debug|x64
		{7C8FE404-352E-4260-B7AA-734CEB98E25E}.Debug|x64.Build.0 = Debug|x64
		{7C8FE404-352E-4260-B7AA-734CEB98E25E}.Debug|x86.ActiveCfg = Debug|Win32
		{7C8FE404-352E-4260-B7AA-734CEB98E25E}.Debug|x86.Build.0 = Debug|Win32
		{7C8FE404-352E-4260-B7AA-734CEB98E25E}.Release|Any CPU.ActiveCfg = Release|Win32
		{7C8FE404-352E-4260-B7AA-734CEB98E25E}.Release|x64.ActiveCfg = Release|x64
		{7C8FE404-352E-4260-B7AA-734CEB98E25E}.Release|x64.Build.0 = Release|x64
		{7C8FE404-352E-4260-B7AA-734CEB98E25E}.Release|x86.ActiveCfg = Release|Win32
		{7C8FE404-352E-4260-B7AA-734CEB98E25E}.Release|x86.Build.0 = Release|Win32
		{D8D5CB21-9899-42E6-9110-64AD5A1BBD8A}.Debug|Any CPU.ActiveCfg = Debug|Win32
		{D8D5CB21-9899-42E6-9110-64AD5A1BBD8A}.Debug|x64.ActiveCfg = Debug|x64
		{D8D5CB21-9899-42E6-9110-64AD5A1BBD8A}.Debug|x64.Build.0 = Debug|x64
		{D8D5CB21-9899-42E6-9110-64AD5A1BBD8A}.Debug|x86.ActiveCfg = Debug|Win32
		{D8D5CB21-9899-42E6-9110-64AD5A1BBD8A}.Debug|x86.Build.0 = Debug|Win32
		{D8D5CB21-9899-42E6-9110-64AD5A1BBD8A}.Release|Any CPU.ActiveCfg = Release|Win32
		{D8D5CB21-9899-42E6-9110-64AD5A1BBD8A}.Release|x64.ActiveCfg = Release|x64
		{D8D5CB21-9899-42E6-9110-64AD5A1BBD8A}.Release|x64.Build.0 = Release|x64
		{D8D5CB21-9899-42E6-9110-64AD5A1BBD8A}.Release|x86.ActiveCfg = Release|Win32
		{D8D5CB21-9899-42E6-9110-64AD5A1BBD8A}.Release|x86.Build.0 = Release|Win32
		{E7A255D6-0F7B-4E26-B624-69873FC72583}.Debug|Any CPU.ActiveCfg = Debug|Win32
		{E7A255D6-0F7B-4E26-B624-69873FC72583}.Debug|x64.ActiveCfg = Debug|x64
		{E7A255D6-0F7B-4E26-B624-69873FC72583}.Debug|x64.Build.0 = Debug|x64
		{E7A255D6-0F7B-4E26-B624-69873FC72583}.Debug|x86.ActiveCfg = Debug|Win32
		{E7A255D6-0F7B-4E26-B624-69873FC72583}.Debug|x86.Build.0 = Debug|Win32
		{E7A255D6-0F7B-4E26-B624-69873FC72583}.Release|Any CPU.ActiveCfg = Release|Win32
		{E7A255D6-0F7B-4E26-B624-69873FC72583}.Release|x64.ActiveCfg = Release|x64
		{E7A255D6-0F7B-4E26-B624-69873FC72583}.Release|x64.Build.0 = Release|x64
		{E7A255D6-0F7B-4E26-B624-69873FC72583}.Release|x86.ActiveCfg = Release|Win32
		{E7A255D6-0F7B-4E26-B624-69873FC72583}.Release|x86.Build.0 = Release|Win32
		{7E734D65-E114-4CFD-A6D1-C7DA4C552F01}.Debug|Any CPU.ActiveCfg = Debug|Win32
		{7E734D65-E114-4CFD-A6D1-C7DA4C552F01}.Debug|x64.ActiveCfg = Debug|x64
		{7E734D65-E114-4CFD-A6D1-C7DA4C552F01}.Debug|x64.Build.0 = Debug|x64
		{7E734D65-E114-4CFD-A6D1-C7DA4C552F01}.Debug|x86.ActiveCfg = Debug|Win32
		{7E734D65-E114-4CFD-A6D1-C7DA4C552F01}.Debug|x86.Build.0 = Debug|Win32
		{7E734D65-E114-4CFD-A6D1-C7DA4C552F01}.Release|Any CPU.ActiveCfg = Release|Win32
		{7E734D65-E114-4CFD-A6D1-C7DA4C552F01}.Release|x64.ActiveCfg = Release|x64
		{7E734D65-E114-4CFD-A6D1-C7DA4C552F01}.Release|x64.Build.0 = Release|x64
		{7E734D65-E114-4CFD-A6D1-C7DA4C552F01}.Release|x86.ActiveCfg = Release|Win32
		{7E734D65-E114-4CFD-A6D1-C7DA4C552F01}.Release|x86.Build.0 = Release|Win32
		{A53284EA-29C0-4CAB-A9E8-FAE8D2D472CD}.Debug|Any CPU.ActiveCfg = Debug|Win32
		{A53284EA-29C0-4CAB-A9E8-FAE8D2D472CD}.Debug|x64.ActiveCfg = Debug|x64
		{A53284EA-29C0-4CAB-A9E8-FAE8D2D472CD}.Debug|x64.Build.0 = Debug|x64
		{A53284EA-29C0-4CAB-A9E8-FAE8D2D472CD}.Debug|x86.ActiveCfg = Debug|Win32
		{A53284EA-29C0-4CAB-A9E8-FAE8D2D472CD}.Debug|x86.Build.0 = Debug|Win32
		{A53284EA-29C0-4CAB-A9E8-FAE8D2D472CD}.Release|Any CPU.ActiveCfg = Release|Win32
		{A53284EA-29C0-4CAB-A9E8-FAE8D2D472CD}.Release|x64.ActiveCfg = Release|x64
		{A53284EA-29C0-4CAB-A9E8-FAE8D2D472CD}.Release|x64.Build.0 = Release|x64
		{A53284EA-29C0-4CAB-A9E8-FAE8D2D472CD}.Release|x86.ActiveCfg = Release|Win32
		{A53284EA-29C0-4CAB-A9E8-FAE8D2D472CD}.Release|x86.Build.0 = Release|Win32
		{31F84804-2C7A-408B-A354-5388FC9C04AD}.Debug|Any CPU.ActiveCfg = Debug|Win32
		{31F84804-2C7A-408B-A354-5388FC9C04AD}.Debug|x64.ActiveCfg = Debug|x64
		{31F84804-2C7A-408B-A354-5388FC9C04AD}.Debug|x64.Build.0 = Debug|x64
		{31F84804-2C7A-408B-A354-5388FC9C04AD}.Debug|x86.ActiveCfg = Debug|Win32
		{31F84804-2C7A-408B-A354-5388FC9C04AD}.Debug|x86.Build.0 = Debug|Win32
		{31F84804-2C7A-408B-A354-5388FC9C04AD}.Release|Any CPU.ActiveCfg = Release|Win32
		{31F84804-2C7A-408B-A354-5388FC9C04AD}.Release|x64.ActiveCfg = Release|x64
		{31F84804-2C7A-408B-A354-5388FC9C04AD}.Release|x64.Build.0 = Release|x64
		{31F84804-2C7A-408B-A354-5388FC9C04AD}.Release|x86.ActiveCfg = Release|Win32
		{31F84804-2C7A-408B-A354-5388FC9C04AD}.Release|x86.Build.0 = Release|Win32
		{A5650693-86B5-4F8C-872C-F735709AF669}.Debug|Any CPU.ActiveCfg = Debug|Win32
		{A5650693-86B5-4F8C-872C-F735709AF669}.Debug|x64.ActiveCfg = Debug|x64
		{A5650693-86B5-4F8C-872C-F735709AF669}.Debug|x64.Build.0 = Debug|x64
		{A5650693-86B5-4F8C-872C-F735709AF669}.Debug|x86.ActiveCfg = Debug|Win32
		{A5650693-86B5-4F8C-872C-F735709AF669}.Debug|x86.Build.0 = Debug|Win32
		{A5650693-86B5-4F8C-872C-F735709AF669}.Release|Any CPU.ActiveCfg = Release|Win32
		{A5650693-86B5-4F8C-872C-F735709AF669}.Release|x64.ActiveCfg = Release|x64
		{A5650693-86B5-4F8C-872C-F735709AF669}.Release|x64.Build.0 = Release|x64
		{A5650693-86B5-4F8C-872C-F735709AF669}.Release|x86.ActiveCfg = Release|Win32
		{A5650693-86B5-4F8C-872C-F735709AF669}.Release|x86.Build.0 = Release|Win32
		{FC286FD9-57AB-43B1-8729-1074ADE1C1A6}.Debug|Any CPU.ActiveCfg = Debug|Win32
		{FC286FD9-57AB-43B1-8729-1074ADE1C1A6}.Debug|x64.ActiveCfg = Debug|x64
		{FC286FD9-57AB-43B1-8729-1074ADE1C1A6}.Debug|x64.Build.0 = Debug|x64
		{FC286FD9-57AB-43B1-8729-1074ADE1C1A6}.Debug|x86.ActiveCfg = Debug|Win32
		{FC286FD9-57AB-43B1-8729-1074ADE1C1A6}.Debug|x86.Build.0 = Debug|Win32
		{FC286FD9-57AB-43B1-8729-1074ADE1C1A6}.Release|Any CPU.ActiveCfg = Release|Win32
		{FC286FD9-57AB-43B1-8729-1074ADE1C1A6}.Release|x64.ActiveCfg = Release|x64
		{FC286FD9-57AB-43B1-8729-1074ADE1C1A6}.Release|x64.Build.0 = Release|x64
		{FC286FD9-57AB-43B1-8729-1074ADE1C1A6}.Release|x86.ActiveCfg = Release|Win32
		{FC286FD9-57AB-43B1-8729-1074ADE1C1A6}.Release|x86.Build.0 = Release|Win32
	EndGlobalSection
	GlobalSection(SolutionProperties) = preSolution
		HideSolutionNode = FALSE
	EndGlobalSection
	GlobalSection(NestedProjects) = preSolution
		{68920C02-18F3-40C7-A9BF-E37B71FD8C67} = {FA6EBC48-CE93-453D-B4BE-EA6157919E26}
		{9A32658B-E294-47E6-82DE-8C6982187EE2} = {0A6BAEB8-9682-426F-B4FD-055EC547D569}
		{AA326A4A-D4BA-4413-948D-74B671F7E9F1} = {877D3723-2176-4030-8715-6BC6FE3968C7}
		{AFD36720-0075-4A46-BE76-AF754DBDBE63} = {877D3723-2176-4030-8715-6BC6FE3968C7}
		{6773B1B9-58D0-456B-8EA1-77BA39E0427C} = {877D3723-2176-4030-8715-6BC6FE3968C7}
		{DEF4B094-B618-4D1B-8BF2-95126B6B2943} = {C68038FA-9291-4DDF-91DD-DDC4326D4662}
		{D79A322D-2512-42E0-BFEF-B07DF698649B} = {C68038FA-9291-4DDF-91DD-DDC4326D4662}
		{C54B94B6-F54C-47E0-8631-B4AB995D8A3B} = {C68038FA-9291-4DDF-91DD-DDC4326D4662}
		{4FBE4C3F-D06A-4E65-AA44-E4E06A8B5B95} = {98A11BA0-2B95-4382-A854-D85DE96EB120}
		{0426C853-CF61-4B13-A7E1-FB0DCF389522} = {98A11BA0-2B95-4382-A854-D85DE96EB120}
		{8EF7E051-472E-4A63-A82F-3E4C3B1AB1A6} = {152465A7-FF95-4889-9659-59F22F0D9D81}
		{2EFF45F7-D5A9-41FF-8527-E085188A8001} = {152465A7-FF95-4889-9659-59F22F0D9D81}
		{60BCA519-F00D-4587-B386-0A7B12323D25} = {152465A7-FF95-4889-9659-59F22F0D9D81}
		{1B06F19A-3A55-4B22-BA58-B0E1E44EB15A} = {152465A7-FF95-4889-9659-59F22F0D9D81}
		{8AA87A53-5E2C-4767-B9D6-D7E7A9F24992} = {152465A7-FF95-4889-9659-59F22F0D9D81}
		{F9D04357-B53E-4E58-951B-9967A77EDFAA} = {439F0F62-5948-4C48-B0E7-D40ECA20D3AD}
		{26C04395-B567-4D17-9940-9A6C50B252EA} = {439F0F62-5948-4C48-B0E7-D40ECA20D3AD}
		{F112C0EE-072F-4C21-9565-65D7932C4A3C} = {439F0F62-5948-4C48-B0E7-D40ECA20D3AD}
		{0EF05248-2293-435C-92B2-85756D8556BB} = {439F0F62-5948-4C48-B0E7-D40ECA20D3AD}
		{7C8FE404-352E-4260-B7AA-734CEB98E25E} = {98A11BA0-2B95-4382-A854-D85DE96EB120}
		{D8D5CB21-9899-42E6-9110-64AD5A1BBD8A} = {98A11BA0-2B95-4382-A854-D85DE96EB120}
		{E7A255D6-0F7B-4E26-B624-69873FC72583} = {98A11BA0-2B95-4382-A854-D85DE96EB120}
		{7E734D65-E114-4CFD-A6D1-C7DA4C552F01} = {98A11BA0-2B95-4382-A854-D85DE96EB120}
		{A53284EA-29C0-4CAB-A9E8-FAE8D2D472CD} = {98A11BA0-2B95-4382-A854-D85DE96EB120}
		{31F84804-2C7A-408B-A354-5388FC9C04AD} = {439F0F62-5948-4C48-B0E7-D40ECA20D3AD}
		{A5650693-86B5-4F8C-872C-F735709AF669} = {439F0F62-5948-4C48-B0E7-D40ECA20D3AD}
		{FC286FD9-57AB-43B1-8729-1074ADE1C1A6} = {439F0F62-5948-4C48-B0E7-D40ECA20D3AD}
	EndGlobalSection
	GlobalSection(ExtensibilityGlobals) = postSolution
		SolutionGuid = {F2E718D9-FAA4-489B-9588-D429C02F032D}
	EndGlobalSection
EndGlobal
